
Microsoft Visual Studio Solution File, Format Version 12.00
# Visual Studio 2012
Project("{FAE04EC0-301F-11D3-BF4B-00C04F79EFBC}") = "Rtw.ColorMatrix", "Rtw.ColorMatrix\Rtw.ColorMatrix.csproj", "{9DCD17DE-6557-4A27-8B4C-5330CF5A4A9E}"
EndProject
Project("{FAE04EC0-301F-11D3-BF4B-00C04F79EFBC}") = "ColorMatrixDemoApp", "ColorMatrixDemoApp\ColorMatrixDemoApp.csproj", "{BAD4621A-2F05-470D-9F85-569E203A12F4}"
EndProject
Project("{2150E333-8FDC-42A3-9474-1A3956D46DE8}") = "Lib", "Lib", "{6C0E6299-E146-4940-AD20-49A348194AD2}"
	ProjectSection(SolutionItems) = preProject
		Lib\Rtw.Matrix.dll = Lib\Rtw.Matrix.dll
	EndProjectSection
EndProject
Global
	GlobalSection(SolutionConfigurationPlatforms) = preSolution
		Debug|Any CPU = Debug|Any CPU
		Release|Any CPU = Release|Any CPU
	EndGlobalSection
	GlobalSection(ProjectConfigurationPlatforms) = postSolution
		{9DCD17DE-6557-4A27-8B4C-5330CF5A4A9E}.Debug|Any CPU.ActiveCfg = Debug|Any CPU
		{9DCD17DE-6557-4A27-8B4C-5330CF5A4A9E}.Debug|Any CPU.Build.0 = Debug|Any CPU
		{9DCD17DE-6557-4A27-8B4C-5330CF5A4A9E}.Release|Any CPU.ActiveCfg = Release|Any CPU
		{9DCD17DE-6557-4A27-8B4C-5330CF5A4A9E}.Release|Any CPU.Build.0 = Release|Any CPU
		{BAD4621A-2F05-470D-9F85-569E203A12F4}.Debug|Any CPU.ActiveCfg = Debug|Any CPU
		{BAD4621A-2F05-470D-9F85-569E203A12F4}.Debug|Any CPU.Build.0 = Debug|Any CPU
		{BAD4621A-2F05-470D-9F85-569E203A12F4}.Release|Any CPU.ActiveCfg = Release|Any CPU
		{BAD4621A-2F05-470D-9F85-569E203A12F4}.Release|Any CPU.Build.0 = Release|Any CPU
	EndGlobalSection
	GlobalSection(SolutionProperties) = preSolution
		HideSolutionNode = FALSE
	EndGlobalSection
EndGlobal
